
Microsoft Visual Studio Solution File, Format Version 12.00
# Visual Studio Version 18
VisualStudioVersion = 18.0.11205.157
MinimumVisualStudioVersion = 10.0.40219.1
Project("{2150E333-8FDC-42A3-9474-1A3956D46DE8}") = "src", "src", "{827E0CD3-B72D-47B6-A68D-7590B98EB39B}"
EndProject
Project("{2150E333-8FDC-42A3-9474-1A3956D46DE8}") = "trotamundos", "trotamundos", "{507AF806-A259-7D77-E126-92FB6B2DC16B}"
EndProject
Project("{2150E333-8FDC-42A3-9474-1A3956D46DE8}") = "account", "account", "{03708B82-E485-008F-A4F0-AD8607F9B836}"
EndProject
Project("{FAE04EC0-301F-11D3-BF4B-00C04F79EFBC}") = "lrembecki.obsluga-it.AppHost", "lrembecki.obsluga-it.AppHost\lrembecki.obsluga-it.AppHost.csproj", "{9FE789FF-CC23-4C19-95E1-3F9B04FC0270}"
EndProject
Project("{FAE04EC0-301F-11D3-BF4B-00C04F79EFBC}") = "lrembecki.obsluga-it.ServiceDefaults", "lrembecki.obsluga-it.ServiceDefaults\lrembecki.obsluga-it.ServiceDefaults.csproj", "{EACFF7A6-C990-C5A2-984B-E43CFC2CCF62}"
EndProject
Project("{FAE04EC0-301F-11D3-BF4B-00C04F79EFBC}") = "lrembecki.core", "src\lrembecki.core\lrembecki.core.csproj", "{BBFD6A65-356B-4040-9ED0-BF9A928DEF02}"
EndProject
Project("{FAE04EC0-301F-11D3-BF4B-00C04F79EFBC}") = "lrembecki.core.account", "src\account\lrembecki.core.account\lrembecki.core.account.csproj", "{229BC3DE-AF0C-42B0-866D-1890F6CE5A53}"
EndProject
Project("{2150E333-8FDC-42A3-9474-1A3956D46DE8}") = "storage", "storage", "{75755999-07F8-FCE1-5291-0A39D3ADE9A7}"
EndProject
Project("{FAE04EC0-301F-11D3-BF4B-00C04F79EFBC}") = "lrembecki.core.storage", "src\storage\lrembecki.core.storage\lrembecki.core.storage.csproj", "{F4E3F9C7-274E-4698-9CCE-5E2EDA23A270}"
EndProject
Project("{FAE04EC0-301F-11D3-BF4B-00C04F79EFBC}") = "lrembecki.core.trotamundos", "src\trotamundos\lrembecki.core.trotamundos\lrembecki.core.trotamundos.csproj", "{B850AFCA-2732-4AA0-A865-25810642D90E}"
EndProject
Project("{FAE04EC0-301F-11D3-BF4B-00C04F79EFBC}") = "lrembecki.host", "src\lrembecki.host\lrembecki.host.csproj", "{2B191745-AA13-442A-82C9-8A54518C5D16}"
EndProject
Project("{FAE04EC0-301F-11D3-BF4B-00C04F79EFBC}") = "lrembecki.infrastructure", "src\lrembecki.infrastructure\lrembecki.infrastructure.csproj", "{EB9BE0D0-ABB4-4E4D-B951-6659568B18C9}"
EndProject
Project("{2150E333-8FDC-42A3-9474-1A3956D46DE8}") = "security", "security", "{6901CE49-5811-44C3-A7D0-CDD133081D60}"
EndProject
Project("{FAE04EC0-301F-11D3-BF4B-00C04F79EFBC}") = "lrembecki.core.security", "src\security\lrembecki.core.security\lrembecki.core.security.csproj", "{397596D7-24C9-4B75-AA46-C0FD3FB9E1D5}"
EndProject
Project("{2150E333-8FDC-42A3-9474-1A3956D46DE8}") = "settings", "settings", "{838F4F48-D5E2-4553-90D2-63B9FCD507E8}"
EndProject
Project("{FAE04EC0-301F-11D3-BF4B-00C04F79EFBC}") = "lrembecki.core.settings", "src\settings\lrembecki.core.settings\lrembecki.core.settings.csproj", "{BEB48646-9B6D-4139-A17A-AAF2B30D902E}"
EndProject
Project("{2150E333-8FDC-42A3-9474-1A3956D46DE8}") = "forms", "forms", "{D797A4E5-B489-DAAF-2968-9CDAE1EC775A}"
EndProject
Project("{FAE04EC0-301F-11D3-BF4B-00C04F79EFBC}") = "lrembecki.core.forms", "src\forms\lrembecki.core.forms\lrembecki.core.forms.csproj", "{8648FE3E-7B62-4C1C-AFEC-1C0296DB4308}"
EndProject
Project("{FAE04EC0-301F-11D3-BF4B-00C04F79EFBC}") = "lrembecki.function-app", "src\lrembecki.function-app\lrembecki.function-app.csproj", "{AB25BFEA-34D7-65CE-2480-77D0C4154969}"
EndProject
Project("{FAE04EC0-301F-11D3-BF4B-00C04F79EFBC}") = "lrembecki.infrastructure.trotamundos", "src\trotamundos\lrembecki.infrastructure.trotamundos\lrembecki.infrastructure.trotamundos.csproj", "{828A4B92-B76F-4EE7-8D79-27DB105A2A34}"
EndProject
Project("{2150E333-8FDC-42A3-9474-1A3956D46DE8}") = "shared", "shared", "{C8E42992-5E42-0C2B-DBFE-AA848D06431C}"
EndProject
Project("{FAE04EC0-301F-11D3-BF4B-00C04F79EFBC}") = "lrembecki.core.shared", "src\shared\lrembecki.core.shared\lrembecki.core.shared.csproj", "{18231F3C-DF98-4BD5-AC0F-093FD6DAF1DE}"
EndProject
Project("{FAE04EC0-301F-11D3-BF4B-00C04F79EFBC}") = "lrembecki.infrastructure.shared", "src\shared\lrembecki.infrastructure.shared\lrembecki.infrastructure.shared.csproj", "{F24E8A7C-802A-49A3-87CF-D0C5F0A18C5A}"
EndProject
Project("{FAE04EC0-301F-11D3-BF4B-00C04F79EFBC}") = "lrembecki.infrastructure.account", "src\account\lrembecki.infrastructure.account\lrembecki.infrastructure.account.csproj", "{B169EB20-7AF9-42A4-9A64-8BA7E60A3DBF}"
EndProject
Project("{FAE04EC0-301F-11D3-BF4B-00C04F79EFBC}") = "lrembecki.infrastructure.forms", "src\forms\lrembecki.infrastructure.forms\lrembecki.infrastructure.forms.csproj", "{365E67B4-1C3C-4D13-8BE5-BF3931554B2A}"
EndProject
Project("{FAE04EC0-301F-11D3-BF4B-00C04F79EFBC}") = "lrembecki.infrastructure.security", "src\security\lrembecki.infrastructure.security\lrembecki.infrastructure.security.csproj", "{75B67930-76A2-48AA-98D3-D8B889B4256F}"
EndProject
Project("{FAE04EC0-301F-11D3-BF4B-00C04F79EFBC}") = "lrembecki.infrastructure.storage", "src\storage\lrembecki.infrastructure.storage\lrembecki.infrastructure.storage.csproj", "{9728605C-8ADD-4580-ABDA-0FAA05D12767}"
EndProject
Project("{FAE04EC0-301F-11D3-BF4B-00C04F79EFBC}") = "lrembecki.infrastructure.settings", "src\settings\lrembecki.infrastructure.settings\lrembecki.infrastructure.settings.csproj", "{BC07E958-7DA3-49B1-A91A-2D0A9327DC52}"
EndProject
Project("{2150E333-8FDC-42A3-9474-1A3956D46DE8}") = "utilities", "utilities", "{E3010B83-5ABD-4C91-806D-F6A438AED19B}"
	ProjectSection(SolutionItems) = preProject
		dotnet.ps1 = dotnet.ps1
		generate.ps1 = generate.ps1
		global.json = global.json
	EndProjectSection
EndProject
Global
	GlobalSection(SolutionConfigurationPlatforms) = preSolution
		Debug|Any CPU = Debug|Any CPU
		Debug|x64 = Debug|x64
		Debug|x86 = Debug|x86
		Release|Any CPU = Release|Any CPU
		Release|x64 = Release|x64
		Release|x86 = Release|x86
	EndGlobalSection
	GlobalSection(ProjectConfigurationPlatforms) = postSolution
		{9FE789FF-CC23-4C19-95E1-3F9B04FC0270}.Debug|Any CPU.ActiveCfg = Debug|Any CPU
		{9FE789FF-CC23-4C19-95E1-3F9B04FC0270}.Debug|Any CPU.Build.0 = Debug|Any CPU
		{9FE789FF-CC23-4C19-95E1-3F9B04FC0270}.Debug|x64.ActiveCfg = Debug|Any CPU
		{9FE789FF-CC23-4C19-95E1-3F9B04FC0270}.Debug|x64.Build.0 = Debug|Any CPU
		{9FE789FF-CC23-4C19-95E1-3F9B04FC0270}.Debug|x86.ActiveCfg = Debug|Any CPU
		{9FE789FF-CC23-4C19-95E1-3F9B04FC0270}.Debug|x86.Build.0 = Debug|Any CPU
		{9FE789FF-CC23-4C19-95E1-3F9B04FC0270}.Release|Any CPU.ActiveCfg = Release|Any CPU
		{9FE789FF-CC23-4C19-95E1-3F9B04FC0270}.Release|Any CPU.Build.0 = Release|Any CPU
		{9FE789FF-CC23-4C19-95E1-3F9B04FC0270}.Release|x64.ActiveCfg = Release|Any CPU
		{9FE789FF-CC23-4C19-95E1-3F9B04FC0270}.Release|x64.Build.0 = Release|Any CPU
		{9FE789FF-CC23-4C19-95E1-3F9B04FC0270}.Release|x86.ActiveCfg = Release|Any CPU
		{9FE789FF-CC23-4C19-95E1-3F9B04FC0270}.Release|x86.Build.0 = Release|Any CPU
		{EACFF7A6-C990-C5A2-984B-E43CFC2CCF62}.Debug|Any CPU.ActiveCfg = Debug|Any CPU
		{EACFF7A6-C990-C5A2-984B-E43CFC2CCF62}.Debug|Any CPU.Build.0 = Debug|Any CPU
		{EACFF7A6-C990-C5A2-984B-E43CFC2CCF62}.Debug|x64.ActiveCfg = Debug|Any CPU
		{EACFF7A6-C990-C5A2-984B-E43CFC2CCF62}.Debug|x64.Build.0 = Debug|Any CPU
		{EACFF7A6-C990-C5A2-984B-E43CFC2CCF62}.Debug|x86.ActiveCfg = Debug|Any CPU
		{EACFF7A6-C990-C5A2-984B-E43CFC2CCF62}.Debug|x86.Build.0 = Debug|Any CPU
		{EACFF7A6-C990-C5A2-984B-E43CFC2CCF62}.Release|Any CPU.ActiveCfg = Release|Any CPU
		{EACFF7A6-C990-C5A2-984B-E43CFC2CCF62}.Release|Any CPU.Build.0 = Release|Any CPU
		{EACFF7A6-C990-C5A2-984B-E43CFC2CCF62}.Release|x64.ActiveCfg = Release|Any CPU
		{EACFF7A6-C990-C5A2-984B-E43CFC2CCF62}.Release|x64.Build.0 = Release|Any CPU
		{EACFF7A6-C990-C5A2-984B-E43CFC2CCF62}.Release|x86.ActiveCfg = Release|Any CPU
		{EACFF7A6-C990-C5A2-984B-E43CFC2CCF62}.Release|x86.Build.0 = Release|Any CPU
		{BBFD6A65-356B-4040-9ED0-BF9A928DEF02}.Debug|Any CPU.ActiveCfg = Debug|Any CPU
		{BBFD6A65-356B-4040-9ED0-BF9A928DEF02}.Debug|Any CPU.Build.0 = Debug|Any CPU
		{BBFD6A65-356B-4040-9ED0-BF9A928DEF02}.Debug|x64.ActiveCfg = Debug|Any CPU
		{BBFD6A65-356B-4040-9ED0-BF9A928DEF02}.Debug|x64.Build.0 = Debug|Any CPU
		{BBFD6A65-356B-4040-9ED0-BF9A928DEF02}.Debug|x86.ActiveCfg = Debug|Any CPU
		{BBFD6A65-356B-4040-9ED0-BF9A928DEF02}.Debug|x86.Build.0 = Debug|Any CPU
		{BBFD6A65-356B-4040-9ED0-BF9A928DEF02}.Release|Any CPU.ActiveCfg = Release|Any CPU
		{BBFD6A65-356B-4040-9ED0-BF9A928DEF02}.Release|Any CPU.Build.0 = Release|Any CPU
		{BBFD6A65-356B-4040-9ED0-BF9A928DEF02}.Release|x64.ActiveCfg = Release|Any CPU
		{BBFD6A65-356B-4040-9ED0-BF9A928DEF02}.Release|x64.Build.0 = Release|Any CPU
		{BBFD6A65-356B-4040-9ED0-BF9A928DEF02}.Release|x86.ActiveCfg = Release|Any CPU
		{BBFD6A65-356B-4040-9ED0-BF9A928DEF02}.Release|x86.Build.0 = Release|Any CPU
		{229BC3DE-AF0C-42B0-866D-1890F6CE5A53}.Debug|Any CPU.ActiveCfg = Debug|Any CPU
		{229BC3DE-AF0C-42B0-866D-1890F6CE5A53}.Debug|Any CPU.Build.0 = Debug|Any CPU
		{229BC3DE-AF0C-42B0-866D-1890F6CE5A53}.Debug|x64.ActiveCfg = Debug|Any CPU
		{229BC3DE-AF0C-42B0-866D-1890F6CE5A53}.Debug|x64.Build.0 = Debug|Any CPU
		{229BC3DE-AF0C-42B0-866D-1890F6CE5A53}.Debug|x86.ActiveCfg = Debug|Any CPU
		{229BC3DE-AF0C-42B0-866D-1890F6CE5A53}.Debug|x86.Build.0 = Debug|Any CPU
		{229BC3DE-AF0C-42B0-866D-1890F6CE5A53}.Release|Any CPU.ActiveCfg = Release|Any CPU
		{229BC3DE-AF0C-42B0-866D-1890F6CE5A53}.Release|Any CPU.Build.0 = Release|Any CPU
		{229BC3DE-AF0C-42B0-866D-1890F6CE5A53}.Release|x64.ActiveCfg = Release|Any CPU
		{229BC3DE-AF0C-42B0-866D-1890F6CE5A53}.Release|x64.Build.0 = Release|Any CPU
		{229BC3DE-AF0C-42B0-866D-1890F6CE5A53}.Release|x86.ActiveCfg = Release|Any CPU
		{229BC3DE-AF0C-42B0-866D-1890F6CE5A53}.Release|x86.Build.0 = Release|Any CPU
		{F4E3F9C7-274E-4698-9CCE-5E2EDA23A270}.Debug|Any CPU.ActiveCfg = Debug|Any CPU
		{F4E3F9C7-274E-4698-9CCE-5E2EDA23A270}.Debug|Any CPU.Build.0 = Debug|Any CPU
		{F4E3F9C7-274E-4698-9CCE-5E2EDA23A270}.Debug|x64.ActiveCfg = Debug|Any CPU
		{F4E3F9C7-274E-4698-9CCE-5E2EDA23A270}.Debug|x64.Build.0 = Debug|Any CPU
		{F4E3F9C7-274E-4698-9CCE-5E2EDA23A270}.Debug|x86.ActiveCfg = Debug|Any CPU
		{F4E3F9C7-274E-4698-9CCE-5E2EDA23A270}.Debug|x86.Build.0 = Debug|Any CPU
		{F4E3F9C7-274E-4698-9CCE-5E2EDA23A270}.Release|Any CPU.ActiveCfg = Release|Any CPU
		{F4E3F9C7-274E-4698-9CCE-5E2EDA23A270}.Release|Any CPU.Build.0 = Release|Any CPU
		{F4E3F9C7-274E-4698-9CCE-5E2EDA23A270}.Release|x64.ActiveCfg = Release|Any CPU
		{F4E3F9C7-274E-4698-9CCE-5E2EDA23A270}.Release|x64.Build.0 = Release|Any CPU
		{F4E3F9C7-274E-4698-9CCE-5E2EDA23A270}.Release|x86.ActiveCfg = Release|Any CPU
		{F4E3F9C7-274E-4698-9CCE-5E2EDA23A270}.Release|x86.Build.0 = Release|Any CPU
		{B850AFCA-2732-4AA0-A865-25810642D90E}.Debug|Any CPU.ActiveCfg = Debug|Any CPU
		{B850AFCA-2732-4AA0-A865-25810642D90E}.Debug|Any CPU.Build.0 = Debug|Any CPU
		{B850AFCA-2732-4AA0-A865-25810642D90E}.Debug|x64.ActiveCfg = Debug|Any CPU
		{B850AFCA-2732-4AA0-A865-25810642D90E}.Debug|x64.Build.0 = Debug|Any CPU
		{B850AFCA-2732-4AA0-A865-25810642D90E}.Debug|x86.ActiveCfg = Debug|Any CPU
		{B850AFCA-2732-4AA0-A865-25810642D90E}.Debug|x86.Build.0 = Debug|Any CPU
		{B850AFCA-2732-4AA0-A865-25810642D90E}.Release|Any CPU.ActiveCfg = Release|Any CPU
		{B850AFCA-2732-4AA0-A865-25810642D90E}.Release|Any CPU.Build.0 = Release|Any CPU
		{B850AFCA-2732-4AA0-A865-25810642D90E}.Release|x64.ActiveCfg = Release|Any CPU
		{B850AFCA-2732-4AA0-A865-25810642D90E}.Release|x64.Build.0 = Release|Any CPU
		{B850AFCA-2732-4AA0-A865-25810642D90E}.Release|x86.ActiveCfg = Release|Any CPU
		{B850AFCA-2732-4AA0-A865-25810642D90E}.Release|x86.Build.0 = Release|Any CPU
		{2B191745-AA13-442A-82C9-8A54518C5D16}.Debug|Any CPU.ActiveCfg = Debug|Any CPU
		{2B191745-AA13-442A-82C9-8A54518C5D16}.Debug|Any CPU.Build.0 = Debug|Any CPU
		{2B191745-AA13-442A-82C9-8A54518C5D16}.Debug|x64.ActiveCfg = Debug|Any CPU
		{2B191745-AA13-442A-82C9-8A54518C5D16}.Debug|x64.Build.0 = Debug|Any CPU
		{2B191745-AA13-442A-82C9-8A54518C5D16}.Debug|x86.ActiveCfg = Debug|Any CPU
		{2B191745-AA13-442A-82C9-8A54518C5D16}.Debug|x86.Build.0 = Debug|Any CPU
		{2B191745-AA13-442A-82C9-8A54518C5D16}.Release|Any CPU.ActiveCfg = Release|Any CPU
		{2B191745-AA13-442A-82C9-8A54518C5D16}.Release|Any CPU.Build.0 = Release|Any CPU
		{2B191745-AA13-442A-82C9-8A54518C5D16}.Release|x64.ActiveCfg = Release|Any CPU
		{2B191745-AA13-442A-82C9-8A54518C5D16}.Release|x64.Build.0 = Release|Any CPU
		{2B191745-AA13-442A-82C9-8A54518C5D16}.Release|x86.ActiveCfg = Release|Any CPU
		{2B191745-AA13-442A-82C9-8A54518C5D16}.Release|x86.Build.0 = Release|Any CPU
		{EB9BE0D0-ABB4-4E4D-B951-6659568B18C9}.Debug|Any CPU.ActiveCfg = Debug|Any CPU
		{EB9BE0D0-ABB4-4E4D-B951-6659568B18C9}.Debug|Any CPU.Build.0 = Debug|Any CPU
		{EB9BE0D0-ABB4-4E4D-B951-6659568B18C9}.Debug|x64.ActiveCfg = Debug|Any CPU
		{EB9BE0D0-ABB4-4E4D-B951-6659568B18C9}.Debug|x64.Build.0 = Debug|Any CPU
		{EB9BE0D0-ABB4-4E4D-B951-6659568B18C9}.Debug|x86.ActiveCfg = Debug|Any CPU
		{EB9BE0D0-ABB4-4E4D-B951-6659568B18C9}.Debug|x86.Build.0 = Debug|Any CPU
		{EB9BE0D0-ABB4-4E4D-B951-6659568B18C9}.Release|Any CPU.ActiveCfg = Release|Any CPU
		{EB9BE0D0-ABB4-4E4D-B951-6659568B18C9}.Release|Any CPU.Build.0 = Release|Any CPU
		{EB9BE0D0-ABB4-4E4D-B951-6659568B18C9}.Release|x64.ActiveCfg = Release|Any CPU
		{EB9BE0D0-ABB4-4E4D-B951-6659568B18C9}.Release|x64.Build.0 = Release|Any CPU
		{EB9BE0D0-ABB4-4E4D-B951-6659568B18C9}.Release|x86.ActiveCfg = Release|Any CPU
		{EB9BE0D0-ABB4-4E4D-B951-6659568B18C9}.Release|x86.Build.0 = Release|Any CPU
		{397596D7-24C9-4B75-AA46-C0FD3FB9E1D5}.Debug|Any CPU.ActiveCfg = Debug|Any CPU
		{397596D7-24C9-4B75-AA46-C0FD3FB9E1D5}.Debug|Any CPU.Build.0 = Debug|Any CPU
		{397596D7-24C9-4B75-AA46-C0FD3FB9E1D5}.Debug|x64.ActiveCfg = Debug|Any CPU
		{397596D7-24C9-4B75-AA46-C0FD3FB9E1D5}.Debug|x64.Build.0 = Debug|Any CPU
		{397596D7-24C9-4B75-AA46-C0FD3FB9E1D5}.Debug|x86.ActiveCfg = Debug|Any CPU
		{397596D7-24C9-4B75-AA46-C0FD3FB9E1D5}.Debug|x86.Build.0 = Debug|Any CPU
		{397596D7-24C9-4B75-AA46-C0FD3FB9E1D5}.Release|Any CPU.ActiveCfg = Release|Any CPU
		{397596D7-24C9-4B75-AA46-C0FD3FB9E1D5}.Release|Any CPU.Build.0 = Release|Any CPU
		{397596D7-24C9-4B75-AA46-C0FD3FB9E1D5}.Release|x64.ActiveCfg = Release|Any CPU
		{397596D7-24C9-4B75-AA46-C0FD3FB9E1D5}.Release|x64.Build.0 = Release|Any CPU
		{397596D7-24C9-4B75-AA46-C0FD3FB9E1D5}.Release|x86.ActiveCfg = Release|Any CPU
		{397596D7-24C9-4B75-AA46-C0FD3FB9E1D5}.Release|x86.Build.0 = Release|Any CPU
		{BEB48646-9B6D-4139-A17A-AAF2B30D902E}.Debug|Any CPU.ActiveCfg = Debug|Any CPU
		{BEB48646-9B6D-4139-A17A-AAF2B30D902E}.Debug|Any CPU.Build.0 = Debug|Any CPU
		{BEB48646-9B6D-4139-A17A-AAF2B30D902E}.Debug|x64.ActiveCfg = Debug|Any CPU
		{BEB48646-9B6D-4139-A17A-AAF2B30D902E}.Debug|x64.Build.0 = Debug|Any CPU
		{BEB48646-9B6D-4139-A17A-AAF2B30D902E}.Debug|x86.ActiveCfg = Debug|Any CPU
		{BEB48646-9B6D-4139-A17A-AAF2B30D902E}.Debug|x86.Build.0 = Debug|Any CPU
		{BEB48646-9B6D-4139-A17A-AAF2B30D902E}.Release|Any CPU.ActiveCfg = Release|Any CPU
		{BEB48646-9B6D-4139-A17A-AAF2B30D902E}.Release|Any CPU.Build.0 = Release|Any CPU
		{BEB48646-9B6D-4139-A17A-AAF2B30D902E}.Release|x64.ActiveCfg = Release|Any CPU
		{BEB48646-9B6D-4139-A17A-AAF2B30D902E}.Release|x64.Build.0 = Release|Any CPU
		{BEB48646-9B6D-4139-A17A-AAF2B30D902E}.Release|x86.ActiveCfg = Release|Any CPU
		{BEB48646-9B6D-4139-A17A-AAF2B30D902E}.Release|x86.Build.0 = Release|Any CPU
		{8648FE3E-7B62-4C1C-AFEC-1C0296DB4308}.Debug|Any CPU.ActiveCfg = Debug|Any CPU
		{8648FE3E-7B62-4C1C-AFEC-1C0296DB4308}.Debug|Any CPU.Build.0 = Debug|Any CPU
		{8648FE3E-7B62-4C1C-AFEC-1C0296DB4308}.Debug|x64.ActiveCfg = Debug|Any CPU
		{8648FE3E-7B62-4C1C-AFEC-1C0296DB4308}.Debug|x64.Build.0 = Debug|Any CPU
		{8648FE3E-7B62-4C1C-AFEC-1C0296DB4308}.Debug|x86.ActiveCfg = Debug|Any CPU
		{8648FE3E-7B62-4C1C-AFEC-1C0296DB4308}.Debug|x86.Build.0 = Debug|Any CPU
		{8648FE3E-7B62-4C1C-AFEC-1C0296DB4308}.Release|Any CPU.ActiveCfg = Release|Any CPU
		{8648FE3E-7B62-4C1C-AFEC-1C0296DB4308}.Release|Any CPU.Build.0 = Release|Any CPU
		{8648FE3E-7B62-4C1C-AFEC-1C0296DB4308}.Release|x64.ActiveCfg = Release|Any CPU
		{8648FE3E-7B62-4C1C-AFEC-1C0296DB4308}.Release|x64.Build.0 = Release|Any CPU
		{8648FE3E-7B62-4C1C-AFEC-1C0296DB4308}.Release|x86.ActiveCfg = Release|Any CPU
		{8648FE3E-7B62-4C1C-AFEC-1C0296DB4308}.Release|x86.Build.0 = Release|Any CPU
		{AB25BFEA-34D7-65CE-2480-77D0C4154969}.Debug|Any CPU.ActiveCfg = Debug|Any CPU
		{AB25BFEA-34D7-65CE-2480-77D0C4154969}.Debug|Any CPU.Build.0 = Debug|Any CPU
		{AB25BFEA-34D7-65CE-2480-77D0C4154969}.Debug|x64.ActiveCfg = Debug|Any CPU
		{AB25BFEA-34D7-65CE-2480-77D0C4154969}.Debug|x64.Build.0 = Debug|Any CPU
		{AB25BFEA-34D7-65CE-2480-77D0C4154969}.Debug|x86.ActiveCfg = Debug|Any CPU
		{AB25BFEA-34D7-65CE-2480-77D0C4154969}.Debug|x86.Build.0 = Debug|Any CPU
		{AB25BFEA-34D7-65CE-2480-77D0C4154969}.Release|Any CPU.ActiveCfg = Release|Any CPU
		{AB25BFEA-34D7-65CE-2480-77D0C4154969}.Release|Any CPU.Build.0 = Release|Any CPU
		{AB25BFEA-34D7-65CE-2480-77D0C4154969}.Release|x64.ActiveCfg = Release|Any CPU
		{AB25BFEA-34D7-65CE-2480-77D0C4154969}.Release|x64.Build.0 = Release|Any CPU
		{AB25BFEA-34D7-65CE-2480-77D0C4154969}.Release|x86.ActiveCfg = Release|Any CPU
		{AB25BFEA-34D7-65CE-2480-77D0C4154969}.Release|x86.Build.0 = Release|Any CPU
		{828A4B92-B76F-4EE7-8D79-27DB105A2A34}.Debug|Any CPU.ActiveCfg = Debug|Any CPU
		{828A4B92-B76F-4EE7-8D79-27DB105A2A34}.Debug|Any CPU.Build.0 = Debug|Any CPU
		{828A4B92-B76F-4EE7-8D79-27DB105A2A34}.Debug|x64.ActiveCfg = Debug|Any CPU
		{828A4B92-B76F-4EE7-8D79-27DB105A2A34}.Debug|x64.Build.0 = Debug|Any CPU
		{828A4B92-B76F-4EE7-8D79-27DB105A2A34}.Debug|x86.ActiveCfg = Debug|Any CPU
		{828A4B92-B76F-4EE7-8D79-27DB105A2A34}.Debug|x86.Build.0 = Debug|Any CPU
		{828A4B92-B76F-4EE7-8D79-27DB105A2A34}.Release|Any CPU.ActiveCfg = Release|Any CPU
		{828A4B92-B76F-4EE7-8D79-27DB105A2A34}.Release|Any CPU.Build.0 = Release|Any CPU
		{828A4B92-B76F-4EE7-8D79-27DB105A2A34}.Release|x64.ActiveCfg = Release|Any CPU
		{828A4B92-B76F-4EE7-8D79-27DB105A2A34}.Release|x64.Build.0 = Release|Any CPU
		{828A4B92-B76F-4EE7-8D79-27DB105A2A34}.Release|x86.ActiveCfg = Release|Any CPU
		{828A4B92-B76F-4EE7-8D79-27DB105A2A34}.Release|x86.Build.0 = Release|Any CPU
		{18231F3C-DF98-4BD5-AC0F-093FD6DAF1DE}.Debug|Any CPU.ActiveCfg = Debug|Any CPU
		{18231F3C-DF98-4BD5-AC0F-093FD6DAF1DE}.Debug|Any CPU.Build.0 = Debug|Any CPU
		{18231F3C-DF98-4BD5-AC0F-093FD6DAF1DE}.Debug|x64.ActiveCfg = Debug|Any CPU
		{18231F3C-DF98-4BD5-AC0F-093FD6DAF1DE}.Debug|x64.Build.0 = Debug|Any CPU
		{18231F3C-DF98-4BD5-AC0F-093FD6DAF1DE}.Debug|x86.ActiveCfg = Debug|Any CPU
		{18231F3C-DF98-4BD5-AC0F-093FD6DAF1DE}.Debug|x86.Build.0 = Debug|Any CPU
		{18231F3C-DF98-4BD5-AC0F-093FD6DAF1DE}.Release|Any CPU.ActiveCfg = Release|Any CPU
		{18231F3C-DF98-4BD5-AC0F-093FD6DAF1DE}.Release|Any CPU.Build.0 = Release|Any CPU
		{18231F3C-DF98-4BD5-AC0F-093FD6DAF1DE}.Release|x64.ActiveCfg = Release|Any CPU
		{18231F3C-DF98-4BD5-AC0F-093FD6DAF1DE}.Release|x64.Build.0 = Release|Any CPU
		{18231F3C-DF98-4BD5-AC0F-093FD6DAF1DE}.Release|x86.ActiveCfg = Release|Any CPU
		{18231F3C-DF98-4BD5-AC0F-093FD6DAF1DE}.Release|x86.Build.0 = Release|Any CPU
		{F24E8A7C-802A-49A3-87CF-D0C5F0A18C5A}.Debug|Any CPU.ActiveCfg = Debug|Any CPU
		{F24E8A7C-802A-49A3-87CF-D0C5F0A18C5A}.Debug|Any CPU.Build.0 = Debug|Any CPU
		{F24E8A7C-802A-49A3-87CF-D0C5F0A18C5A}.Debug|x64.ActiveCfg = Debug|Any CPU
		{F24E8A7C-802A-49A3-87CF-D0C5F0A18C5A}.Debug|x64.Build.0 = Debug|Any CPU
		{F24E8A7C-802A-49A3-87CF-D0C5F0A18C5A}.Debug|x86.ActiveCfg = Debug|Any CPU
		{F24E8A7C-802A-49A3-87CF-D0C5F0A18C5A}.Debug|x86.Build.0 = Debug|Any CPU
		{F24E8A7C-802A-49A3-87CF-D0C5F0A18C5A}.Release|Any CPU.ActiveCfg = Release|Any CPU
		{F24E8A7C-802A-49A3-87CF-D0C5F0A18C5A}.Release|Any CPU.Build.0 = Release|Any CPU
		{F24E8A7C-802A-49A3-87CF-D0C5F0A18C5A}.Release|x64.ActiveCfg = Release|Any CPU
		{F24E8A7C-802A-49A3-87CF-D0C5F0A18C5A}.Release|x64.Build.0 = Release|Any CPU
		{F24E8A7C-802A-49A3-87CF-D0C5F0A18C5A}.Release|x86.ActiveCfg = Release|Any CPU
		{F24E8A7C-802A-49A3-87CF-D0C5F0A18C5A}.Release|x86.Build.0 = Release|Any CPU
		{B169EB20-7AF9-42A4-9A64-8BA7E60A3DBF}.Debug|Any CPU.ActiveCfg = Debug|Any CPU
		{B169EB20-7AF9-42A4-9A64-8BA7E60A3DBF}.Debug|Any CPU.Build.0 = Debug|Any CPU
		{B169EB20-7AF9-42A4-9A64-8BA7E60A3DBF}.Debug|x64.ActiveCfg = Debug|Any CPU
		{B169EB20-7AF9-42A4-9A64-8BA7E60A3DBF}.Debug|x64.Build.0 = Debug|Any CPU
		{B169EB20-7AF9-42A4-9A64-8BA7E60A3DBF}.Debug|x86.ActiveCfg = Debug|Any CPU
		{B169EB20-7AF9-42A4-9A64-8BA7E60A3DBF}.Debug|x86.Build.0 = Debug|Any CPU
		{B169EB20-7AF9-42A4-9A64-8BA7E60A3DBF}.Release|Any CPU.ActiveCfg = Release|Any CPU
		{B169EB20-7AF9-42A4-9A64-8BA7E60A3DBF}.Release|Any CPU.Build.0 = Release|Any CPU
		{B169EB20-7AF9-42A4-9A64-8BA7E60A3DBF}.Release|x64.ActiveCfg = Release|Any CPU
		{B169EB20-7AF9-42A4-9A64-8BA7E60A3DBF}.Release|x64.Build.0 = Release|Any CPU
		{B169EB20-7AF9-42A4-9A64-8BA7E60A3DBF}.Release|x86.ActiveCfg = Release|Any CPU
		{B169EB20-7AF9-42A4-9A64-8BA7E60A3DBF}.Release|x86.Build.0 = Release|Any CPU
		{365E67B4-1C3C-4D13-8BE5-BF3931554B2A}.Debug|Any CPU.ActiveCfg = Debug|Any CPU
		{365E67B4-1C3C-4D13-8BE5-BF3931554B2A}.Debug|Any CPU.Build.0 = Debug|Any CPU
		{365E67B4-1C3C-4D13-8BE5-BF3931554B2A}.Debug|x64.ActiveCfg = Debug|Any CPU
		{365E67B4-1C3C-4D13-8BE5-BF3931554B2A}.Debug|x64.Build.0 = Debug|Any CPU
		{365E67B4-1C3C-4D13-8BE5-BF3931554B2A}.Debug|x86.ActiveCfg = Debug|Any CPU
		{365E67B4-1C3C-4D13-8BE5-BF3931554B2A}.Debug|x86.Build.0 = Debug|Any CPU
		{365E67B4-1C3C-4D13-8BE5-BF3931554B2A}.Release|Any CPU.ActiveCfg = Release|Any CPU
		{365E67B4-1C3C-4D13-8BE5-BF3931554B2A}.Release|Any CPU.Build.0 = Release|Any CPU
		{365E67B4-1C3C-4D13-8BE5-BF3931554B2A}.Release|x64.ActiveCfg = Release|Any CPU
		{365E67B4-1C3C-4D13-8BE5-BF3931554B2A}.Release|x64.Build.0 = Release|Any CPU
		{365E67B4-1C3C-4D13-8BE5-BF3931554B2A}.Release|x86.ActiveCfg = Release|Any CPU
		{365E67B4-1C3C-4D13-8BE5-BF3931554B2A}.Release|x86.Build.0 = Release|Any CPU
		{75B67930-76A2-48AA-98D3-D8B889B4256F}.Debug|Any CPU.ActiveCfg = Debug|Any CPU
		{75B67930-76A2-48AA-98D3-D8B889B4256F}.Debug|Any CPU.Build.0 = Debug|Any CPU
		{75B67930-76A2-48AA-98D3-D8B889B4256F}.Debug|x64.ActiveCfg = Debug|Any CPU
		{75B67930-76A2-48AA-98D3-D8B889B4256F}.Debug|x64.Build.0 = Debug|Any CPU
		{75B67930-76A2-48AA-98D3-D8B889B4256F}.Debug|x86.ActiveCfg = Debug|Any CPU
		{75B67930-76A2-48AA-98D3-D8B889B4256F}.Debug|x86.Build.0 = Debug|Any CPU
		{75B67930-76A2-48AA-98D3-D8B889B4256F}.Release|Any CPU.ActiveCfg = Release|Any CPU
		{75B67930-76A2-48AA-98D3-D8B889B4256F}.Release|Any CPU.Build.0 = Release|Any CPU
		{75B67930-76A2-48AA-98D3-D8B889B4256F}.Release|x64.ActiveCfg = Release|Any CPU
		{75B67930-76A2-48AA-98D3-D8B889B4256F}.Release|x64.Build.0 = Release|Any CPU
		{75B67930-76A2-48AA-98D3-D8B889B4256F}.Release|x86.ActiveCfg = Release|Any CPU
		{75B67930-76A2-48AA-98D3-D8B889B4256F}.Release|x86.Build.0 = Release|Any CPU
		{9728605C-8ADD-4580-ABDA-0FAA05D12767}.Debug|Any CPU.ActiveCfg = Debug|Any CPU
		{9728605C-8ADD-4580-ABDA-0FAA05D12767}.Debug|Any CPU.Build.0 = Debug|Any CPU
		{9728605C-8ADD-4580-ABDA-0FAA05D12767}.Debug|x64.ActiveCfg = Debug|Any CPU
		{9728605C-8ADD-4580-ABDA-0FAA05D12767}.Debug|x64.Build.0 = Debug|Any CPU
		{9728605C-8ADD-4580-ABDA-0FAA05D12767}.Debug|x86.ActiveCfg = Debug|Any CPU
		{9728605C-8ADD-4580-ABDA-0FAA05D12767}.Debug|x86.Build.0 = Debug|Any CPU
		{9728605C-8ADD-4580-ABDA-0FAA05D12767}.Release|Any CPU.ActiveCfg = Release|Any CPU
		{9728605C-8ADD-4580-ABDA-0FAA05D12767}.Release|Any CPU.Build.0 = Release|Any CPU
		{9728605C-8ADD-4580-ABDA-0FAA05D12767}.Release|x64.ActiveCfg = Release|Any CPU
		{9728605C-8ADD-4580-ABDA-0FAA05D12767}.Release|x64.Build.0 = Release|Any CPU
		{9728605C-8ADD-4580-ABDA-0FAA05D12767}.Release|x86.ActiveCfg = Release|Any CPU
		{9728605C-8ADD-4580-ABDA-0FAA05D12767}.Release|x86.Build.0 = Release|Any CPU
		{BC07E958-7DA3-49B1-A91A-2D0A9327DC52}.Debug|Any CPU.ActiveCfg = Debug|Any CPU
		{BC07E958-7DA3-49B1-A91A-2D0A9327DC52}.Debug|Any CPU.Build.0 = Debug|Any CPU
		{BC07E958-7DA3-49B1-A91A-2D0A9327DC52}.Debug|x64.ActiveCfg = Debug|Any CPU
		{BC07E958-7DA3-49B1-A91A-2D0A9327DC52}.Debug|x64.Build.0 = Debug|Any CPU
		{BC07E958-7DA3-49B1-A91A-2D0A9327DC52}.Debug|x86.ActiveCfg = Debug|Any CPU
		{BC07E958-7DA3-49B1-A91A-2D0A9327DC52}.Debug|x86.Build.0 = Debug|Any CPU
		{BC07E958-7DA3-49B1-A91A-2D0A9327DC52}.Release|Any CPU.ActiveCfg = Release|Any CPU
		{BC07E958-7DA3-49B1-A91A-2D0A9327DC52}.Release|Any CPU.Build.0 = Release|Any CPU
		{BC07E958-7DA3-49B1-A91A-2D0A9327DC52}.Release|x64.ActiveCfg = Release|Any CPU
		{BC07E958-7DA3-49B1-A91A-2D0A9327DC52}.Release|x64.Build.0 = Release|Any CPU
		{BC07E958-7DA3-49B1-A91A-2D0A9327DC52}.Release|x86.ActiveCfg = Release|Any CPU
		{BC07E958-7DA3-49B1-A91A-2D0A9327DC52}.Release|x86.Build.0 = Release|Any CPU
	EndGlobalSection
	GlobalSection(SolutionProperties) = preSolution
		HideSolutionNode = FALSE
	EndGlobalSection
	GlobalSection(NestedProjects) = preSolution
		{507AF806-A259-7D77-E126-92FB6B2DC16B} = {827E0CD3-B72D-47B6-A68D-7590B98EB39B}
		{03708B82-E485-008F-A4F0-AD8607F9B836} = {827E0CD3-B72D-47B6-A68D-7590B98EB39B}
		{BBFD6A65-356B-4040-9ED0-BF9A928DEF02} = {827E0CD3-B72D-47B6-A68D-7590B98EB39B}
		{229BC3DE-AF0C-42B0-866D-1890F6CE5A53} = {03708B82-E485-008F-A4F0-AD8607F9B836}
		{75755999-07F8-FCE1-5291-0A39D3ADE9A7} = {827E0CD3-B72D-47B6-A68D-7590B98EB39B}
		{F4E3F9C7-274E-4698-9CCE-5E2EDA23A270} = {75755999-07F8-FCE1-5291-0A39D3ADE9A7}
		{B850AFCA-2732-4AA0-A865-25810642D90E} = {507AF806-A259-7D77-E126-92FB6B2DC16B}
		{2B191745-AA13-442A-82C9-8A54518C5D16} = {827E0CD3-B72D-47B6-A68D-7590B98EB39B}
		{EB9BE0D0-ABB4-4E4D-B951-6659568B18C9} = {827E0CD3-B72D-47B6-A68D-7590B98EB39B}
		{6901CE49-5811-44C3-A7D0-CDD133081D60} = {827E0CD3-B72D-47B6-A68D-7590B98EB39B}
		{397596D7-24C9-4B75-AA46-C0FD3FB9E1D5} = {6901CE49-5811-44C3-A7D0-CDD133081D60}
		{838F4F48-D5E2-4553-90D2-63B9FCD507E8} = {827E0CD3-B72D-47B6-A68D-7590B98EB39B}
		{BEB48646-9B6D-4139-A17A-AAF2B30D902E} = {838F4F48-D5E2-4553-90D2-63B9FCD507E8}
		{D797A4E5-B489-DAAF-2968-9CDAE1EC775A} = {827E0CD3-B72D-47B6-A68D-7590B98EB39B}
		{8648FE3E-7B62-4C1C-AFEC-1C0296DB4308} = {D797A4E5-B489-DAAF-2968-9CDAE1EC775A}
		{AB25BFEA-34D7-65CE-2480-77D0C4154969} = {827E0CD3-B72D-47B6-A68D-7590B98EB39B}
		{828A4B92-B76F-4EE7-8D79-27DB105A2A34} = {507AF806-A259-7D77-E126-92FB6B2DC16B}
		{C8E42992-5E42-0C2B-DBFE-AA848D06431C} = {827E0CD3-B72D-47B6-A68D-7590B98EB39B}
		{18231F3C-DF98-4BD5-AC0F-093FD6DAF1DE} = {C8E42992-5E42-0C2B-DBFE-AA848D06431C}
		{F24E8A7C-802A-49A3-87CF-D0C5F0A18C5A} = {C8E42992-5E42-0C2B-DBFE-AA848D06431C}
		{B169EB20-7AF9-42A4-9A64-8BA7E60A3DBF} = {03708B82-E485-008F-A4F0-AD8607F9B836}
		{365E67B4-1C3C-4D13-8BE5-BF3931554B2A} = {D797A4E5-B489-DAAF-2968-9CDAE1EC775A}
		{75B67930-76A2-48AA-98D3-D8B889B4256F} = {6901CE49-5811-44C3-A7D0-CDD133081D60}
		{9728605C-8ADD-4580-ABDA-0FAA05D12767} = {75755999-07F8-FCE1-5291-0A39D3ADE9A7}
		{BC07E958-7DA3-49B1-A91A-2D0A9327DC52} = {838F4F48-D5E2-4553-90D2-63B9FCD507E8}
	EndGlobalSection
	GlobalSection(ExtensibilityGlobals) = postSolution
		SolutionGuid = {4A851D9D-8F90-4339-8C87-8D73D7ABC02A}
	EndGlobalSection
EndGlobal
